<?xml version="1.0" encoding="utf-8"?>
<Project ToolsVersion="4.0" xmlns="http://schemas.microsoft.com/developer/msbuild/2003">
  <ItemGroup>
    <ClCompile Include="src\ofApp.cpp">
      <Filter>src</Filter>
    </ClCompile>
    <ClCompile Include="src\main.cpp">
      <Filter>src</Filter>
    </ClCompile>
    <ClCompile Include="..\..\..\addons\ofxAnimatable\src\ofxAnimatable.cpp">
      <Filter>addons\ofxAnimatable\src</Filter>
    </ClCompile>
    <ClCompile Include="..\..\..\addons\ofxAnimatable\src\ofxAnimatableFloat.cpp">
      <Filter>addons\ofxAnimatable\src</Filter>
    </ClCompile>
    <ClCompile Include="..\..\..\addons\ofxAnimatable\src\ofxAnimatableOfColor.cpp">
      <Filter>addons\ofxAnimatable\src</Filter>
    </ClCompile>
    <ClCompile Include="..\..\..\addons\ofxAnimatable\src\ofxAnimatableOfPoint.cpp">
      <Filter>addons\ofxAnimatable\src</Filter>
    </ClCompile>
    <ClCompile Include="..\..\..\addons\ofxAnimatable\src\ofxAnimatableQueue.cpp">
      <Filter>addons\ofxAnimatable\src</Filter>
    </ClCompile>
    <ClCompile Include="..\..\..\addons\ofxNetwork\src\ofxTCPClient.cpp">
      <Filter>addons\ofxNetwork\src</Filter>
    </ClCompile>
    <ClCompile Include="..\..\..\addons\ofxNetwork\src\ofxTCPManager.cpp">
      <Filter>addons\ofxNetwork\src</Filter>
    </ClCompile>
    <ClCompile Include="..\..\..\addons\ofxNetwork\src\ofxTCPServer.cpp">
      <Filter>addons\ofxNetwork\src</Filter>
    </ClCompile>
    <ClCompile Include="..\..\..\addons\ofxNetwork\src\ofxUDPManager.cpp">
      <Filter>addons\ofxNetwork\src</Filter>
    </ClCompile>
    <ClCompile Include="src\metaball.cpp">
      <Filter>src\metaball</Filter>
    </ClCompile>
    <ClCompile Include="src\metaAiSymbol.cpp">
      <Filter>src\metaAiSymbol</Filter>
    </ClCompile>
    <ClCompile Include="src\kinectUnit.cpp">
      <Filter>src\kinectTracking</Filter>
    </ClCompile>
    <ClCompile Include="src\kinectMgr.cpp">
      <Filter>src\kinectTracking</Filter>
    </ClCompile>
    <ClCompile Include="src\flowField.cpp">
      <Filter>src\flowField</Filter>
    </ClCompile>
    <ClCompile Include="src\armKinect.cpp">
      <Filter>src\armKinect</Filter>
    </ClCompile>
    <ClCompile Include="src\baseSymbol.cpp">
      <Filter>src\metaAiSymbol</Filter>
    </ClCompile>
    <ClCompile Include="src\lightSet.cpp">
      <Filter>src\lightSet</Filter>
    </ClCompile>
    <ClCompile Include="src\vSymbolMirror.cpp">
      <Filter>src\view</Filter>
    </ClCompile>
    <ClCompile Include="..\..\..\addons\ofxLayerMask\src\ofxLayerMask.cpp">
      <Filter>addons\ofxLayerMask\src</Filter>
    </ClCompile>
    <ClCompile Include="src\vThreeBody.cpp">
      <Filter>src\view</Filter>
    </ClCompile>
    <ClCompile Include="src\threeBody.cpp">
      <Filter>src\threeBody</Filter>
    </ClCompile>
    <ClCompile Include="src\vArms.cpp">
      <Filter>src\view</Filter>
    </ClCompile>
    <ClCompile Include="src\viewCam.cpp">
      <Filter>src\view</Filter>
    </ClCompile>
    <ClCompile Include="src\particle.cpp">
      <Filter>src\particle</Filter>
    </ClCompile>
    <ClCompile Include="src\vParticleMgr.cpp">
      <Filter>src\view</Filter>
    </ClCompile>
    <ClCompile Include="src\multiCam.cpp">
      <Filter>src\multiCam</Filter>
    </ClCompile>
    <ClCompile Include="..\..\..\addons\ofxXmlSettings\libs\tinyxml.cpp">
      <Filter>addons\ofxXmlSettings\libs</Filter>
    </ClCompile>
    <ClCompile Include="..\..\..\addons\ofxXmlSettings\libs\tinyxmlerror.cpp">
      <Filter>addons\ofxXmlSettings\libs</Filter>
    </ClCompile>
    <ClCompile Include="..\..\..\addons\ofxXmlSettings\libs\tinyxmlparser.cpp">
      <Filter>addons\ofxXmlSettings\libs</Filter>
    </ClCompile>
    <ClCompile Include="..\..\..\addons\ofxXmlSettings\src\ofxXmlSettings.cpp">
      <Filter>addons\ofxXmlSettings\src</Filter>
    </ClCompile>
    <ClCompile Include="..\..\..\addons\ofxGui\src\ofxBaseGui.cpp">
      <Filter>addons\ofxGui\src</Filter>
    </ClCompile>
    <ClCompile Include="..\..\..\addons\ofxGui\src\ofxButton.cpp">
      <Filter>addons\ofxGui\src</Filter>
    </ClCompile>
    <ClCompile Include="..\..\..\addons\ofxGui\src\ofxGuiGroup.cpp">
      <Filter>addons\ofxGui\src</Filter>
    </ClCompile>
    <ClCompile Include="..\..\..\addons\ofxGui\src\ofxLabel.cpp">
      <Filter>addons\ofxGui\src</Filter>
    </ClCompile>
    <ClCompile Include="..\..\..\addons\ofxGui\src\ofxPanel.cpp">
      <Filter>addons\ofxGui\src</Filter>
    </ClCompile>
    <ClCompile Include="..\..\..\addons\ofxGui\src\ofxSlider.cpp">
      <Filter>addons\ofxGui\src</Filter>
    </ClCompile>
    <ClCompile Include="..\..\..\addons\ofxGui\src\ofxSliderGroup.cpp">
      <Filter>addons\ofxGui\src</Filter>
    </ClCompile>
    <ClCompile Include="..\..\..\addons\ofxGui\src\ofxToggle.cpp">
      <Filter>addons\ofxGui\src</Filter>
    </ClCompile>
    <ClCompile Include="src\config.cpp">
      <Filter>src</Filter>
    </ClCompile>
    <ClCompile Include="..\..\..\addons\ofxHttpUtils\src\ofxHttpUtils.cpp">
      <Filter>addons\ofxHttpUtils\src</Filter>
    </ClCompile>
    <ClCompile Include="src\serverReq.cpp">
      <Filter>src\serverReq</Filter>
    </ClCompile>
  </ItemGroup>
  <ItemGroup>
    <Filter Include="src">
      <UniqueIdentifier>{d8376475-7454-4a24-b08a-aac121d3ad6f}</UniqueIdentifier>
    </Filter>
    <Filter Include="addons">
      <UniqueIdentifier>{71834F65-F3A9-211E-73B8-DC85}</UniqueIdentifier>
    </Filter>
    <Filter Include="addons\ofxAnimatable">
      <UniqueIdentifier>{76597DE6-6EC6-9B33-AE16-324A}</UniqueIdentifier>
    </Filter>
    <Filter Include="addons\ofxAnimatable\src">
      <UniqueIdentifier>{9A0AF1AC-D8D7-DC08-0B38-3CC3}</UniqueIdentifier>
    </Filter>
    <Filter Include="addons\ofxNetwork">
      <UniqueIdentifier>{01A15744-29A6-108D-08E9-83A7}</UniqueIdentifier>
    </Filter>
    <Filter Include="addons\ofxNetwork\src">
      <UniqueIdentifier>{3D1C10C7-8F35-E796-9C70-F5F3}</UniqueIdentifier>
    </Filter>
    <Filter Include="src\metaball">
      <UniqueIdentifier>{e22cdf88-1df0-49da-8cbd-d983c6c531bd}</UniqueIdentifier>
    </Filter>
    <Filter Include="src\metaAiSymbol">
      <UniqueIdentifier>{ddc10951-5841-4966-a426-8fefeb74299b}</UniqueIdentifier>
    </Filter>
    <Filter Include="src\kinectTracking">
      <UniqueIdentifier>{f4001f4c-18ec-411c-afe5-8f28264ed378}</UniqueIdentifier>
    </Filter>
    <Filter Include="src\flowField">
      <UniqueIdentifier>{edbcbaae-5a15-4b70-bb8b-d61d9ded0bde}</UniqueIdentifier>
    </Filter>
    <Filter Include="src\armKinect">
      <UniqueIdentifier>{103f70da-f80b-4068-b3c7-45c4d3e3c89f}</UniqueIdentifier>
    </Filter>
    <Filter Include="src\lightSet">
      <UniqueIdentifier>{ef0aaf67-0034-4802-9b63-40e432f1a310}</UniqueIdentifier>
    </Filter>
    <Filter Include="src\view">
      <UniqueIdentifier>{73b1b414-95ac-419a-a3bb-df27a54a30ee}</UniqueIdentifier>
    </Filter>
    <Filter Include="addons\ofxLayerMask">
      <UniqueIdentifier>{d5e02826-b6a0-4d31-962a-309dbf75f4d6}</UniqueIdentifier>
    </Filter>
    <Filter Include="addons\ofxLayerMask\src">
      <UniqueIdentifier>{10b2600f-083b-41c9-9b61-c9adc1ff9803}</UniqueIdentifier>
    </Filter>
    <Filter Include="src\threeBody">
      <UniqueIdentifier>{88b54600-e317-4f2b-8991-eff393b52e56}</UniqueIdentifier>
    </Filter>
    <Filter Include="src\particle">
      <UniqueIdentifier>{167a04fd-e9f3-448d-a608-0928db251dda}</UniqueIdentifier>
    </Filter>
    <Filter Include="src\multiCam">
      <UniqueIdentifier>{7bfb110b-18c9-4b5b-bd47-ace8094e25d3}</UniqueIdentifier>
    </Filter>
    <Filter Include="addons\ofxXmlSettings">
      <UniqueIdentifier>{106db804-4099-4adb-b943-1e8cf3388028}</UniqueIdentifier>
    </Filter>
    <Filter Include="addons\ofxXmlSettings\libs">
      <UniqueIdentifier>{fb9cd8c1-8de7-45b5-b31d-1445da20ec93}</UniqueIdentifier>
    </Filter>
    <Filter Include="addons\ofxXmlSettings\src">
      <UniqueIdentifier>{52f1b9cf-7693-4dbb-90da-eaf01a2932ea}</UniqueIdentifier>
    </Filter>
    <Filter Include="addons\ofxGui">
      <UniqueIdentifier>{9341cce8-9765-4a61-834c-71502ce8f8a6}</UniqueIdentifier>
    </Filter>
    <Filter Include="addons\ofxGui\src">
      <UniqueIdentifier>{07269182-97d0-4ae8-93cb-72b455de4584}</UniqueIdentifier>
    </Filter>
    <Filter Include="addons\ofxHttpUtils">
      <UniqueIdentifier>{0fc5ee77-6151-4aca-b263-d2dda5db5f3c}</UniqueIdentifier>
    </Filter>
    <Filter Include="addons\ofxHttpUtils\src">
      <UniqueIdentifier>{b0193e1c-8b89-4542-851c-335d575a36e8}</UniqueIdentifier>
    </Filter>
    <Filter Include="src\nlohmann">
      <UniqueIdentifier>{2ce2b8cd-6277-4f96-90c5-687da645ce32}</UniqueIdentifier>
    </Filter>
    <Filter Include="src\serverReq">
      <UniqueIdentifier>{5d4db832-d510-491a-b68a-f64070bd2199}</UniqueIdentifier>
    </Filter>
  </ItemGroup>
  <ItemGroup>
    <ClInclude Include="src\ofApp.h">
      <Filter>src</Filter>
    </ClInclude>
    <ClInclude Include="..\..\..\addons\ofxAnimatable\src\ofxAnimatable.h">
      <Filter>addons\ofxAnimatable\src</Filter>
    </ClInclude>
    <ClInclude Include="..\..\..\addons\ofxAnimatable\src\ofxAnimatableFloat.h">
      <Filter>addons\ofxAnimatable\src</Filter>
    </ClInclude>
    <ClInclude Include="..\..\..\addons\ofxAnimatable\src\ofxAnimatableOfColor.h">
      <Filter>addons\ofxAnimatable\src</Filter>
    </ClInclude>
    <ClInclude Include="..\..\..\addons\ofxAnimatable\src\ofxAnimatableOfPoint.h">
      <Filter>addons\ofxAnimatable\src</Filter>
    </ClInclude>
    <ClInclude Include="..\..\..\addons\ofxAnimatable\src\ofxAnimatableQueue.h">
      <Filter>addons\ofxAnimatable\src</Filter>
    </ClInclude>
    <ClInclude Include="..\..\..\addons\ofxNetwork\src\ofxNetwork.h">
      <Filter>addons\ofxNetwork\src</Filter>
    </ClInclude>
    <ClInclude Include="..\..\..\addons\ofxNetwork\src\ofxNetworkUtils.h">
      <Filter>addons\ofxNetwork\src</Filter>
    </ClInclude>
    <ClInclude Include="..\..\..\addons\ofxNetwork\src\ofxTCPClient.h">
      <Filter>addons\ofxNetwork\src</Filter>
    </ClInclude>
    <ClInclude Include="..\..\..\addons\ofxNetwork\src\ofxTCPManager.h">
      <Filter>addons\ofxNetwork\src</Filter>
    </ClInclude>
    <ClInclude Include="..\..\..\addons\ofxNetwork\src\ofxTCPServer.h">
      <Filter>addons\ofxNetwork\src</Filter>
    </ClInclude>
    <ClInclude Include="..\..\..\addons\ofxNetwork\src\ofxUDPManager.h">
      <Filter>addons\ofxNetwork\src</Filter>
    </ClInclude>
    <ClInclude Include="src\metaball.h">
      <Filter>src\metaball</Filter>
    </ClInclude>
    <ClInclude Include="src\constParameter.h">
      <Filter>src</Filter>
    </ClInclude>
    <ClInclude Include="src\metaAiSymbol.h">
      <Filter>src\metaAiSymbol</Filter>
    </ClInclude>
    <ClInclude Include="src\kinectBase.h">
      <Filter>src\kinectTracking</Filter>
    </ClInclude>
    <ClInclude Include="src\kinectUnit.h">
      <Filter>src\kinectTracking</Filter>
    </ClInclude>
    <ClInclude Include="src\kinectMgr.h">
      <Filter>src\kinectTracking</Filter>
    </ClInclude>
    <ClInclude Include="src\flowField.h">
      <Filter>src\flowField</Filter>
    </ClInclude>
    <ClInclude Include="src\armKinect.h">
      <Filter>src\armKinect</Filter>
    </ClInclude>
    <ClInclude Include="src\baseSymbol.h">
      <Filter>src\metaAiSymbol</Filter>
    </ClInclude>
    <ClInclude Include="src\lightSet.h">
      <Filter>src\lightSet</Filter>
    </ClInclude>
    <ClInclude Include="src\vSymbolMirror.h">
      <Filter>src\view</Filter>
    </ClInclude>
    <ClInclude Include="..\..\..\addons\ofxLayerMask\src\ofxLayerMask.h">
      <Filter>addons\ofxLayerMask\src</Filter>
    </ClInclude>
    <ClInclude Include="src\vThreeBody.h">
      <Filter>src\view</Filter>
    </ClInclude>
    <ClInclude Include="src\threeBody.h">
      <Filter>src\threeBody</Filter>
    </ClInclude>
    <ClInclude Include="src\vArms.h">
      <Filter>src\view</Filter>
    </ClInclude>
    <ClInclude Include="src\viewCam.h">
      <Filter>src\view</Filter>
    </ClInclude>
    <ClInclude Include="src\viewState.h">
      <Filter>src\view</Filter>
    </ClInclude>
    <ClInclude Include="src\particle.h">
      <Filter>src\particle</Filter>
    </ClInclude>
    <ClInclude Include="src\vParticleMgr.h">
      <Filter>src\view</Filter>
    </ClInclude>
    <ClInclude Include="src\multiCam.h">
      <Filter>src\multiCam</Filter>
    </ClInclude>
    <ClInclude Include="..\..\..\addons\ofxXmlSettings\libs\tinyxml.h">
      <Filter>addons\ofxXmlSettings\libs</Filter>
    </ClInclude>
    <ClInclude Include="..\..\..\addons\ofxXmlSettings\src\ofxXmlSettings.h">
      <Filter>addons\ofxXmlSettings\src</Filter>
    </ClInclude>
    <ClInclude Include="src\config.h">
      <Filter>src</Filter>
    </ClInclude>
    <ClInclude Include="..\..\..\addons\ofxGui\src\ofxBaseGui.h">
      <Filter>addons\ofxGui\src</Filter>
    </ClInclude>
    <ClInclude Include="..\..\..\addons\ofxGui\src\ofxButton.h">
      <Filter>addons\ofxGui\src</Filter>
    </ClInclude>
    <ClInclude Include="..\..\..\addons\ofxGui\src\ofxGui.h">
      <Filter>addons\ofxGui\src</Filter>
    </ClInclude>
    <ClInclude Include="..\..\..\addons\ofxGui\src\ofxGuiGroup.h">
      <Filter>addons\ofxGui\src</Filter>
    </ClInclude>
    <ClInclude Include="..\..\..\addons\ofxGui\src\ofxLabel.h">
      <Filter>addons\ofxGui\src</Filter>
    </ClInclude>
    <ClInclude Include="..\..\..\addons\ofxGui\src\ofxPanel.h">
      <Filter>addons\ofxGui\src</Filter>
    </ClInclude>
    <ClInclude Include="..\..\..\addons\ofxGui\src\ofxSlider.h">
      <Filter>addons\ofxGui\src</Filter>
    </ClInclude>
    <ClInclude Include="..\..\..\addons\ofxGui\src\ofxSliderGroup.h">
      <Filter>addons\ofxGui\src</Filter>
    </ClInclude>
    <ClInclude Include="..\..\..\addons\ofxGui\src\ofxToggle.h">
      <Filter>addons\ofxGui\src</Filter>
    </ClInclude>
    <ClInclude Include="..\..\..\addons\ofxHttpUtils\src\ofxHttpTypes.h">
      <Filter>addons\ofxHttpUtils\src</Filter>
    </ClInclude>
    <ClInclude Include="..\..\..\addons\ofxHttpUtils\src\ofxHttpUtils.h">
      <Filter>addons\ofxHttpUtils\src</Filter>
    </ClInclude>
    <ClInclude Include="src\nlohmann\adl_serializer.hpp">
      <Filter>src\nlohmann</Filter>
    </ClInclude>
    <ClInclude Include="src\nlohmann\json.hpp">
      <Filter>src\nlohmann</Filter>
    </ClInclude>
    <ClInclude Include="src\nlohmann\json_fwd.hpp">
      <Filter>src\nlohmann</Filter>
    </ClInclude>
    <ClInclude Include="src\serverReq.h">
      <Filter>src\serverReq</Filter>
    </ClInclude>
  </ItemGroup>
  <ItemGroup>
    <ResourceCompile Include="icon.rc" />
  </ItemGroup>
</Project>